
Microsoft Visual Studio Solution File, Format Version 12.00
# Visual Studio 15
VisualStudioVersion = 15.0.26430.15
MinimumVisualStudioVersion = 10.0.40219.1
Project("{9A19103F-16F7-4668-BE54-9A1E7A4F7556}") = "huypq.QueryBuilder", "huypq.QueryBuilder\huypq.QueryBuilder.csproj", "{0995EBBC-467E-4521-B9D1-7A5351311C98}"
EndProject
Project("{FAE04EC0-301F-11D3-BF4B-00C04F79EFBC}") = "huypq.QueryBuilder.Framework", "huypq.QueryBuilder.Framework\huypq.QueryBuilder.Framework.csproj", "{C3B36888-E0F1-4E30-8549-50D20DD636C5}"
EndProject
Global
	GlobalSection(SolutionConfigurationPlatforms) = preSolution
		Debug|Any CPU = Debug|Any CPU
		Release|Any CPU = Release|Any CPU
	EndGlobalSection
	GlobalSection(ProjectConfigurationPlatforms) = postSolution
		{0995EBBC-467E-4521-B9D1-7A5351311C98}.Debug|Any CPU.ActiveCfg = Debug|Any CPU
		{0995EBBC-467E-4521-B9D1-7A5351311C98}.Debug|Any CPU.Build.0 = Debug|Any CPU
		{0995EBBC-467E-4521-B9D1-7A5351311C98}.Release|Any CPU.ActiveCfg = Release|Any CPU
		{0995EBBC-467E-4521-B9D1-7A5351311C98}.Release|Any CPU.Build.0 = Release|Any CPU
		{C3B36888-E0F1-4E30-8549-50D20DD636C5}.Debug|Any CPU.ActiveCfg = Debug|Any CPU
		{C3B36888-E0F1-4E30-8549-50D20DD636C5}.Debug|Any CPU.Build.0 = Debug|Any CPU
		{C3B36888-E0F1-4E30-8549-50D20DD636C5}.Release|Any CPU.ActiveCfg = Release|Any CPU
		{C3B36888-E0F1-4E30-8549-50D20DD636C5}.Release|Any CPU.Build.0 = Release|Any CPU
	EndGlobalSection
	GlobalSection(SolutionProperties) = preSolution
		HideSolutionNode = FALSE
	EndGlobalSection
EndGlobal
