
Microsoft Visual Studio Solution File, Format Version 12.00
# Visual Studio 15
VisualStudioVersion = 15.0.27004.2005
MinimumVisualStudioVersion = 10.0.40219.1
Project("{9A19103F-16F7-4668-BE54-9A1E7A4F7556}") = "huypq.Logging", "huypq.Logging\huypq.Logging.csproj", "{EB2AFC9D-0BD2-4DA6-B386-EB7F4D8B546F}"
EndProject
Project("{FAE04EC0-301F-11D3-BF4B-00C04F79EFBC}") = "huypq.Logging.Framework", "huypq.Logging.Framework\huypq.Logging.Framework.csproj", "{F4ABC0F4-C860-44A4-8BF7-58BE106E17E4}"
EndProject
Global
	GlobalSection(SolutionConfigurationPlatforms) = preSolution
		Debug|Any CPU = Debug|Any CPU
		Release|Any CPU = Release|Any CPU
	EndGlobalSection
	GlobalSection(ProjectConfigurationPlatforms) = postSolution
		{EB2AFC9D-0BD2-4DA6-B386-EB7F4D8B546F}.Debug|Any CPU.ActiveCfg = Debug|Any CPU
		{EB2AFC9D-0BD2-4DA6-B386-EB7F4D8B546F}.Debug|Any CPU.Build.0 = Debug|Any CPU
		{EB2AFC9D-0BD2-4DA6-B386-EB7F4D8B546F}.Release|Any CPU.ActiveCfg = Release|Any CPU
		{EB2AFC9D-0BD2-4DA6-B386-EB7F4D8B546F}.Release|Any CPU.Build.0 = Release|Any CPU
		{F4ABC0F4-C860-44A4-8BF7-58BE106E17E4}.Debug|Any CPU.ActiveCfg = Debug|Any CPU
		{F4ABC0F4-C860-44A4-8BF7-58BE106E17E4}.Debug|Any CPU.Build.0 = Debug|Any CPU
		{F4ABC0F4-C860-44A4-8BF7-58BE106E17E4}.Release|Any CPU.ActiveCfg = Release|Any CPU
		{F4ABC0F4-C860-44A4-8BF7-58BE106E17E4}.Release|Any CPU.Build.0 = Release|Any CPU
	EndGlobalSection
	GlobalSection(SolutionProperties) = preSolution
		HideSolutionNode = FALSE
	EndGlobalSection
	GlobalSection(ExtensibilityGlobals) = postSolution
		SolutionGuid = {E6506930-7BC3-446F-BB0B-E35E415150A8}
	EndGlobalSection
EndGlobal
